// !$*UTF8*$!
{
	archiveVersion = 1;
	classes = {
	};
	objectVersion = 46;
	objects = {

/* Begin PBXBuildFile section */
		2D5E233782E27D52306C64E6 /* Pods_restful_apis.framework in Frameworks */ = {isa = PBXBuildFile; fileRef = 1AB54F8CB731FB2B9A93A5AE /* Pods_restful_apis.framework */; };
		EE1EF7B51E8196070093189D /* AppDelegate.swift in Sources */ = {isa = PBXBuildFile; fileRef = EE1EF7B41E8196070093189D /* AppDelegate.swift */; };
		EE1EF7B71E8196070093189D /* ViewController.swift in Sources */ = {isa = PBXBuildFile; fileRef = EE1EF7B61E8196070093189D /* ViewController.swift */; };
		EE1EF7BA1E8196070093189D /* Main.storyboard in Resources */ = {isa = PBXBuildFile; fileRef = EE1EF7B81E8196070093189D /* Main.storyboard */; };
		EE1EF7BC1E8196070093189D /* Assets.xcassets in Resources */ = {isa = PBXBuildFile; fileRef = EE1EF7BB1E8196070093189D /* Assets.xcassets */; };
		EE1EF7BF1E8196070093189D /* LaunchScreen.storyboard in Resources */ = {isa = PBXBuildFile; fileRef = EE1EF7BD1E8196070093189D /* LaunchScreen.storyboard */; };
/* End PBXBuildFile section */

/* Begin PBXFileReference section */
		1AB54F8CB731FB2B9A93A5AE /* Pods_restful_apis.framework */ = {isa = PBXFileReference; explicitFileType = wrapper.framework; includeInIndex = 0; path = Pods_restful_apis.framework; sourceTree = BUILT_PRODUCTS_DIR; };
		1C25D590ACAEA57D61A4D0B4 /* Pods-restful apis.release.xcconfig */ = {isa = PBXFileReference; includeInIndex = 1; lastKnownFileType = text.xcconfig; name = "Pods-restful apis.release.xcconfig"; path = "Pods/Target Support Files/Pods-restful apis/Pods-restful apis.release.xcconfig"; sourceTree = "<group>"; };
		2BE9B2B165492CF4D9A1A2BE /* Pods-restful apis.debug.xcconfig */ = {isa = PBXFileReference; includeInIndex = 1; lastKnownFileType = text.xcconfig; name = "Pods-restful apis.debug.xcconfig"; path = "Pods/Target Support Files/Pods-restful apis/Pods-restful apis.debug.xcconfig"; sourceTree = "<group>"; };
		EE1EF7B11E8196070093189D /* restful apis.app */ = {isa = PBXFileReference; explicitFileType = wrapper.application; includeInIndex = 0; path = "restful apis.app"; sourceTree = BUILT_PRODUCTS_DIR; };
		EE1EF7B41E8196070093189D /* AppDelegate.swift */ = {isa = PBXFileReference; lastKnownFileType = sourcecode.swift; path = AppDelegate.swift; sourceTree = "<group>"; };
		EE1EF7B61E8196070093189D /* ViewController.swift */ = {isa = PBXFileReference; lastKnownFileType = sourcecode.swift; path = ViewController.swift; sourceTree = "<group>"; };
		EE1EF7B91E8196070093189D /* Base */ = {isa = PBXFileReference; lastKnownFileType = file.storyboard; name = Base; path = Base.lproj/Main.storyboard; sourceTree = "<group>"; };
		EE1EF7BB1E8196070093189D /* Assets.xcassets */ = {isa = PBXFileReference; lastKnownFileType = folder.assetcatalog; path = Assets.xcassets; sourceTree = "<group>"; };
		EE1EF7BE1E8196070093189D /* Base */ = {isa = PBXFileReference; lastKnownFileType = file.storyboard; name = Base; path = Base.lproj/LaunchScreen.storyboard; sourceTree = "<group>"; };
		EE1EF7C01E8196070093189D /* Info.plist */ = {isa = PBXFileReference; lastKnownFileType = text.plist.xml; path = Info.plist; sourceTree = "<group>"; };
/* End PBXFileReference section */

/* Begin PBXFrameworksBuildPhase section */
		EE1EF7AE1E8196070093189D /* Frameworks */ = {
			isa = PBXFrameworksBuildPhase;
			buildActionMask = 2147483647;
			files = (
				2D5E233782E27D52306C64E6 /* Pods_restful_apis.framework in Frameworks */,
			);
			runOnlyForDeploymentPostprocessing = 0;
		};
/* End PBXFrameworksBuildPhase section */

/* Begin PBXGroup section */
		51C1528B91ED251D4326E56D /* Frameworks */ = {
			isa = PBXGroup;
			children = (
				1AB54F8CB731FB2B9A93A5AE /* Pods_restful_apis.framework */,
			);
			name = Frameworks;
			sourceTree = "<group>";
		};
		BB716668C6632B7A28A352B9 /* Pods */ = {
			isa = PBXGroup;
			children = (
				2BE9B2B165492CF4D9A1A2BE /* Pods-restful apis.debug.xcconfig */,
				1C25D590ACAEA57D61A4D0B4 /* Pods-restful apis.release.xcconfig */,
			);
			name = Pods;
			sourceTree = "<group>";
		};
		EE1EF7A81E8196070093189D = {
			isa = PBXGroup;
			children = (
				EE1EF7B31E8196070093189D /* restful apis */,
				EE1EF7B21E8196070093189D /* Products */,
				BB716668C6632B7A28A352B9 /* Pods */,
				51C1528B91ED251D4326E56D /* Frameworks */,
			);
			sourceTree = "<group>";
		};
		EE1EF7B21E8196070093189D /* Products */ = {
			isa = PBXGroup;
			children = (
				EE1EF7B11E8196070093189D /* restful apis.app */,
			);
			name = Products;
			sourceTree = "<group>";
		};
		EE1EF7B31E8196070093189D /* restful apis */ = {
			isa = PBXGroup;
			children = (
				EE1EF7B41E8196070093189D /* AppDelegate.swift */,
				EE1EF7B61E8196070093189D /* ViewController.swift */,
				EE1EF7B81E8196070093189D /* Main.storyboard */,
				EE1EF7BB1E8196070093189D /* Assets.xcassets */,
				EE1EF7BD1E8196070093189D /* LaunchScreen.storyboard */,
				EE1EF7C01E8196070093189D /* Info.plist */,
			);
			path = "restful apis";
			sourceTree = "<group>";
		};
/* End PBXGroup section */

/* Begin PBXNativeTarget section */
		EE1EF7B01E8196070093189D /* restful apis */ = {
			isa = PBXNativeTarget;
			buildConfigurationList = EE1EF7C31E8196070093189D /* Build configuration list for PBXNativeTarget "restful apis" */;
			buildPhases = (
				79C49E58957A945E1EDC17C3 /* [CP] Check Pods Manifest.lock */,
				EE1EF7AD1E8196070093189D /* Sources */,
				EE1EF7AE1E8196070093189D /* Frameworks */,
				EE1EF7AF1E8196070093189D /* Resources */,
				243987D37D08423F94ED1F1F /* [CP] Embed Pods Frameworks */,
				C291C4816290A16E5712C023 /* [CP] Copy Pods Resources */,
			);
			buildRules = (
			);
			dependencies = (
			);
			name = "restful apis";
			productName = "restful apis";
			productReference = EE1EF7B11E8196070093189D /* restful apis.app */;
			productType = "com.apple.product-type.application";
		};
/* End PBXNativeTarget section */

/* Begin PBXProject section */
		EE1EF7A91E8196070093189D /* Project object */ = {
			isa = PBXProject;
			attributes = {
				LastSwiftUpdateCheck = 0830;
				LastUpgradeCheck = 0830;
				ORGANIZATIONNAME = "Tony Nikolov";
				TargetAttributes = {
					EE1EF7B01E8196070093189D = {
						CreatedOnToolsVersion = 8.3;
						ProvisioningStyle = Automatic;
					};
				};
			};
			buildConfigurationList = EE1EF7AC1E8196070093189D /* Build configuration list for PBXProject "restful apis" */;
			compatibilityVersion = "Xcode 3.2";
			developmentRegion = English;
			hasScannedForEncodings = 0;
			knownRegions = (
				en,
				Base,
			);
			mainGroup = EE1EF7A81E8196070093189D;
			productRefGroup = EE1EF7B21E8196070093189D /* Products */;
			projectDirPath = "";
			projectRoot = "";
			targets = (
				EE1EF7B01E8196070093189D /* restful apis */,
			);
		};
/* End PBXProject section */

/* Begin PBXResourcesBuildPhase section */
		EE1EF7AF1E8196070093189D /* Resources */ = {
			isa = PBXResourcesBuildPhase;
			buildActionMask = 2147483647;
			files = (
				EE1EF7BF1E8196070093189D /* LaunchScreen.storyboard in Resources */,
				EE1EF7BC1E8196070093189D /* Assets.xcassets in Resources */,
				EE1EF7BA1E8196070093189D /* Main.storyboard in Resources */,
			);
			runOnlyForDeploymentPostprocessing = 0;
		};
/* End PBXResourcesBuildPhase section */

/* Begin PBXShellScriptBuildPhase section */
		243987D37D08423F94ED1F1F /* [CP] Embed Pods Frameworks */ = {
			isa = PBXShellScriptBuildPhase;
			buildActionMask = 2147483647;
			files = (
			);
			inputPaths = (
			);
			name = "[CP] Embed Pods Frameworks";
			outputPaths = (
			);
			runOnlyForDeploymentPostprocessing = 0;
			shellPath = /bin/sh;
			shellScript = "\"${SRCROOT}/Pods/Target Support Files/Pods-restful apis/Pods-restful apis-frameworks.sh\"\n";
			showEnvVarsInLog = 0;
		};
		79C49E58957A945E1EDC17C3 /* [CP] Check Pods Manifest.lock */ = {
			isa = PBXShellScriptBuildPhase;
			buildActionMask = 2147483647;
			files = (
			);
			inputPaths = (
			);
			name = "[CP] Check Pods Manifest.lock";
			outputPaths = (
			);
			runOnlyForDeploymentPostprocessing = 0;
			shellPath = /bin/sh;
			shellScript = "diff \"${PODS_ROOT}/../Podfile.lock\" \"${PODS_ROOT}/Manifest.lock\" > /dev/null\nif [ $? != 0 ] ; then\n    # print error to STDERR\n    echo \"error: The sandbox is not in sync with the Podfile.lock. Run 'pod install' or update your CocoaPods installation.\" >&2\n    exit 1\nfi\n";
			showEnvVarsInLog = 0;
		};
		C291C4816290A16E5712C023 /* [CP] Copy Pods Resources */ = {
			isa = PBXShellScriptBuildPhase;
			buildActionMask = 2147483647;
			files = (
			);
			inputPaths = (
			);
			name = "[CP] Copy Pods Resources";
			outputPaths = (
			);
			runOnlyForDeploymentPostprocessing = 0;
			shellPath = /bin/sh;
			shellScript = "\"${SRCROOT}/Pods/Target Support Files/Pods-restful apis/Pods-restful apis-resources.sh\"\n";
			showEnvVarsInLog = 0;
		};
/* End PBXShellScriptBuildPhase section */

/* Begin PBXSourcesBuildPhase section */
		EE1EF7AD1E8196070093189D /* Sources */ = {
			isa = PBXSourcesBuildPhase;
			buildActionMask = 2147483647;
			files = (
				EE1EF7B71E8196070093189D /* ViewController.swift in Sources */,
				EE1EF7B51E8196070093189D /* AppDelegate.swift in Sources */,
			);
			runOnlyForDeploymentPostprocessing = 0;
		};
/* End PBXSourcesBuildPhase section */

/* Begin PBXVariantGroup section */
		EE1EF7B81E8196070093189D /* Main.storyboard */ = {
			isa = PBXVariantGroup;
			children = (
				EE1EF7B91E8196070093189D /* Base */,
			);
			name = Main.storyboard;
			sourceTree = "<group>";
		};
		EE1EF7BD1E8196070093189D /* LaunchScreen.storyboard */ = {
			isa = PBXVariantGroup;
			children = (
				EE1EF7BE1E8196070093189D /* Base */,
			);
			name = LaunchScreen.storyboard;
			sourceTree = "<group>";
		};
/* End PBXVariantGroup section */

/* Begin XCBuildConfiguration section */
		EE1EF7C11E8196070093189D /* Debug */ = {
			isa = XCBuildConfiguration;
			buildSettings = {
				ALWAYS_SEARCH_USER_PATHS = NO;
				CLANG_ANALYZER_NONNULL = YES;
				CLANG_ANALYZER_NUMBER_OBJECT_CONVERSION = YES_AGGRESSIVE;
				CLANG_CXX_LANGUAGE_STANDARD = "gnu++0x";
				CLANG_CXX_LIBRARY = "libc++";
				CLANG_ENABLE_MODULES = YES;
				CLANG_ENABLE_OBJC_ARC = YES;
				CLANG_WARN_BOOL_CONVERSION = YES;
				CLANG_WARN_CONSTANT_CONVERSION = YES;
				CLANG_WARN_DIRECT_OBJC_ISA_USAGE = YES_ERROR;
				CLANG_WARN_DOCUMENTATION_COMMENTS = YES;
				CLANG_WARN_EMPTY_BODY = YES;
				CLANG_WARN_ENUM_CONVERSION = YES;
				CLANG_WARN_INFINITE_RECURSION = YES;
				CLANG_WARN_INT_CONVERSION = YES;
				CLANG_WARN_OBJC_ROOT_CLASS = YES_ERROR;
				CLANG_WARN_SUSPICIOUS_MOVE = YES;
				CLANG_WARN_UNREACHABLE_CODE = YES;
				CLANG_WARN__DUPLICATE_METHOD_MATCH = YES;
				"CODE_SIGN_IDENTITY[sdk=iphoneos*]" = "iPhone Developer";
				COPY_PHASE_STRIP = NO;
				DEBUG_INFORMATION_FORMAT = dwarf;
				ENABLE_STRICT_OBJC_MSGSEND = YES;
				ENABLE_TESTABILITY = YES;
				GCC_C_LANGUAGE_STANDARD = gnu99;
				GCC_DYNAMIC_NO_PIC = NO;
				GCC_NO_COMMON_BLOCKS = YES;
				GCC_OPTIMIZATION_LEVEL = 0;
				GCC_PREPROCESSOR_DEFINITIONS = (
					"DEBUG=1",
					"$(inherited)",
				);
				GCC_WARN_64_TO_32_BIT_CONVERSION = YES;
				GCC_WARN_ABOUT_RETURN_TYPE = YES_ERROR;
				GCC_WARN_UNDECLARED_SELECTOR = YES;
				GCC_WARN_UNINITIALIZED_AUTOS = YES_AGGRESSIVE;
				GCC_WARN_UNUSED_FUNCTION = YES;
				GCC_WARN_UNUSED_VARIABLE = YES;
				IPHONEOS_DEPLOYMENT_TARGET = 10.3;
				MTL_ENABLE_DEBUG_INFO = YES;
				ONLY_ACTIVE_ARCH = YES;
				SDKROOT = iphoneos;
				SWIFT_ACTIVE_COMPILATION_CONDITIONS = DEBUG;
				SWIFT_OPTIMIZATION_LEVEL = "-Onone";
				TARGETED_DEVICE_FAMILY = "1,2";
			};
			name = Debug;
		};
		EE1EF7C21E8196070093189D /* Release */ = {
			isa = XCBuildConfiguration;
			buildSettings = {
				ALWAYS_SEARCH_USER_PATHS = NO;
				CLANG_ANALYZER_NONNULL = YES;
				CLANG_ANALYZER_NUMBER_OBJECT_CONVERSION = YES_AGGRESSIVE;
				CLANG_CXX_LANGUAGE_STANDARD = "gnu++0x";
				CLANG_CXX_LIBRARY = "libc++";
				CLANG_ENABLE_MODULES = YES;
				CLANG_ENABLE_OBJC_ARC = YES;
				CLANG_WARN_BOOL_CONVERSION = YES;
				CLANG_WARN_CONSTANT_CONVERSION = YES;
				CLANG_WARN_DIRECT_OBJC_ISA_USAGE = YES_ERROR;
				CLANG_WARN_DOCUMENTATION_COMMENTS = YES;
				CLANG_WARN_EMPTY_BODY = YES;
				CLANG_WARN_ENUM_CONVERSION = YES;
				CLANG_WARN_INFINITE_RECURSION = YES;
				CLANG_WARN_INT_CONVERSION = YES;
				CLANG_WARN_OBJC_ROOT_CLASS = YES_ERROR;
				CLANG_WARN_SUSPICIOUS_MOVE = YES;
				CLANG_WARN_UNREACHABLE_CODE = YES;
				CLANG_WARN__DUPLICATE_METHOD_MATCH = YES;
				"CODE_SIGN_IDENTITY[sdk=iphoneos*]" = "iPhone Developer";
				COPY_PHASE_STRIP = NO;
				DEBUG_INFORMATION_FORMAT = "dwarf-with-dsym";
				ENABLE_NS_ASSERTIONS = NO;
				ENABLE_STRICT_OBJC_MSGSEND = YES;
				GCC_C_LANGUAGE_STANDARD = gnu99;
				GCC_NO_COMMON_BLOCKS = YES;
				GCC_WARN_64_TO_32_BIT_CONVERSION = YES;
				GCC_WARN_ABOUT_RETURN_TYPE = YES_ERROR;
				GCC_WARN_UNDECLARED_SELECTOR = YES;
				GCC_WARN_UNINITIALIZED_AUTOS = YES_AGGRESSIVE;
				GCC_WARN_UNUSED_FUNCTION = YES;
				GCC_WARN_UNUSED_VARIABLE = YES;
				IPHONEOS_DEPLOYMENT_TARGET = 10.3;
				MTL_ENABLE_DEBUG_INFO = NO;
				SDKROOT = iphoneos;
				SWIFT_OPTIMIZATION_LEVEL = "-Owholemodule";
				TARGETED_DEVICE_FAMILY = "1,2";
				VALIDATE_PRODUCT = YES;
			};
			name = Release;
		};
		EE1EF7C41E8196070093189D /* Debug */ = {
			isa = XCBuildConfiguration;
			baseConfigurationReference = 2BE9B2B165492CF4D9A1A2BE /* Pods-restful apis.debug.xcconfig */;
			buildSettings = {
				ASSETCATALOG_COMPILER_APPICON_NAME = AppIcon;
				INFOPLIST_FILE = "restful apis/Info.plist";
				LD_RUNPATH_SEARCH_PATHS = "$(inherited) @executable_path/Frameworks";
				PRODUCT_BUNDLE_IDENTIFIER = "dnt.restful-apis";
				PRODUCT_NAME = "$(TARGET_NAME)";
				SWIFT_VERSION = 3.0;
			};
			name = Debug;
		};
		EE1EF7C51E8196070093189D /* Release */ = {
			isa = XCBuildConfiguration;
			baseConfigurationReference = 1C25D590ACAEA57D61A4D0B4 /* Pods-restful apis.release.xcconfig */;
			buildSettings = {
				ASSETCATALOG_COMPILER_APPICON_NAME = AppIcon;
				INFOPLIST_FILE = "restful apis/Info.plist";
				LD_RUNPATH_SEARCH_PATHS = "$(inherited) @executable_path/Frameworks";
				PRODUCT_BUNDLE_IDENTIFIER = "dnt.restful-apis";
				PRODUCT_NAME = "$(TARGET_NAME)";
				SWIFT_VERSION = 3.0;
			};
			name = Release;
		};
/* End XCBuildConfiguration section */

/* Begin XCConfigurationList section */
		EE1EF7AC1E8196070093189D /* Build configuration list for PBXProject "restful apis" */ = {
			isa = XCConfigurationList;
			buildConfigurations = (
				EE1EF7C11E8196070093189D /* Debug */,
				EE1EF7C21E8196070093189D /* Release */,
			);
			defaultConfigurationIsVisible = 0;
			defaultConfigurationName = Release;
		};
		EE1EF7C31E8196070093189D /* Build configuration list for PBXNativeTarget "restful apis" */ = {
			isa = XCConfigurationList;
			buildConfigurations = (
				EE1EF7C41E8196070093189D /* Debug */,
				EE1EF7C51E8196070093189D /* Release */,
			);
			defaultConfigurationIsVisible = 0;
		};
/* End XCConfigurationList section */
	};
	rootObject = EE1EF7A91E8196070093189D /* Project object */;
}
