// !$*UTF8*$!
{
	archiveVersion = 1;
	classes = {
	};
	objectVersion = 46;
	objects = {

/* Begin PBXBuildFile section */
		EEE71CF51E8044670044775A /* AppDelegate.swift in Sources */ = {isa = PBXBuildFile; fileRef = EEE71CF41E8044670044775A /* AppDelegate.swift */; };
		EEE71CF71E8044670044775A /* FirstViewController.swift in Sources */ = {isa = PBXBuildFile; fileRef = EEE71CF61E8044670044775A /* FirstViewController.swift */; };
		EEE71CF91E8044670044775A /* SecondViewController.swift in Sources */ = {isa = PBXBuildFile; fileRef = EEE71CF81E8044670044775A /* SecondViewController.swift */; };
		EEE71CFC1E8044670044775A /* Main.storyboard in Resources */ = {isa = PBXBuildFile; fileRef = EEE71CFA1E8044670044775A /* Main.storyboard */; };
		EEE71CFE1E8044670044775A /* Assets.xcassets in Resources */ = {isa = PBXBuildFile; fileRef = EEE71CFD1E8044670044775A /* Assets.xcassets */; };
		EEE71D011E8044670044775A /* LaunchScreen.storyboard in Resources */ = {isa = PBXBuildFile; fileRef = EEE71CFF1E8044670044775A /* LaunchScreen.storyboard */; };
/* End PBXBuildFile section */

/* Begin PBXFileReference section */
		EEE71CF11E8044670044775A /* To Do 2.0.app */ = {isa = PBXFileReference; explicitFileType = wrapper.application; includeInIndex = 0; path = "To Do 2.0.app"; sourceTree = BUILT_PRODUCTS_DIR; };
		EEE71CF41E8044670044775A /* AppDelegate.swift */ = {isa = PBXFileReference; lastKnownFileType = sourcecode.swift; path = AppDelegate.swift; sourceTree = "<group>"; };
		EEE71CF61E8044670044775A /* FirstViewController.swift */ = {isa = PBXFileReference; lastKnownFileType = sourcecode.swift; path = FirstViewController.swift; sourceTree = "<group>"; };
		EEE71CF81E8044670044775A /* SecondViewController.swift */ = {isa = PBXFileReference; lastKnownFileType = sourcecode.swift; path = SecondViewController.swift; sourceTree = "<group>"; };
		EEE71CFB1E8044670044775A /* Base */ = {isa = PBXFileReference; lastKnownFileType = file.storyboard; name = Base; path = Base.lproj/Main.storyboard; sourceTree = "<group>"; };
		EEE71CFD1E8044670044775A /* Assets.xcassets */ = {isa = PBXFileReference; lastKnownFileType = folder.assetcatalog; path = Assets.xcassets; sourceTree = "<group>"; };
		EEE71D001E8044670044775A /* Base */ = {isa = PBXFileReference; lastKnownFileType = file.storyboard; name = Base; path = Base.lproj/LaunchScreen.storyboard; sourceTree = "<group>"; };
		EEE71D021E8044670044775A /* Info.plist */ = {isa = PBXFileReference; lastKnownFileType = text.plist.xml; path = Info.plist; sourceTree = "<group>"; };
/* End PBXFileReference section */

/* Begin PBXFrameworksBuildPhase section */
		EEE71CEE1E8044670044775A /* Frameworks */ = {
			isa = PBXFrameworksBuildPhase;
			buildActionMask = 2147483647;
			files = (
			);
			runOnlyForDeploymentPostprocessing = 0;
		};
/* End PBXFrameworksBuildPhase section */

/* Begin PBXGroup section */
		EEE71CE81E8044670044775A = {
			isa = PBXGroup;
			children = (
				EEE71CF31E8044670044775A /* To Do 2.0 */,
				EEE71CF21E8044670044775A /* Products */,
			);
			sourceTree = "<group>";
		};
		EEE71CF21E8044670044775A /* Products */ = {
			isa = PBXGroup;
			children = (
				EEE71CF11E8044670044775A /* To Do 2.0.app */,
			);
			name = Products;
			sourceTree = "<group>";
		};
		EEE71CF31E8044670044775A /* To Do 2.0 */ = {
			isa = PBXGroup;
			children = (
				EEE71CF41E8044670044775A /* AppDelegate.swift */,
				EEE71CF61E8044670044775A /* FirstViewController.swift */,
				EEE71CF81E8044670044775A /* SecondViewController.swift */,
				EEE71CFA1E8044670044775A /* Main.storyboard */,
				EEE71CFD1E8044670044775A /* Assets.xcassets */,
				EEE71CFF1E8044670044775A /* LaunchScreen.storyboard */,
				EEE71D021E8044670044775A /* Info.plist */,
			);
			path = "To Do 2.0";
			sourceTree = "<group>";
		};
/* End PBXGroup section */

/* Begin PBXNativeTarget section */
		EEE71CF01E8044670044775A /* To Do 2.0 */ = {
			isa = PBXNativeTarget;
			buildConfigurationList = EEE71D051E8044670044775A /* Build configuration list for PBXNativeTarget "To Do 2.0" */;
			buildPhases = (
				EEE71CED1E8044670044775A /* Sources */,
				EEE71CEE1E8044670044775A /* Frameworks */,
				EEE71CEF1E8044670044775A /* Resources */,
			);
			buildRules = (
			);
			dependencies = (
			);
			name = "To Do 2.0";
			productName = "To Do 2.0";
			productReference = EEE71CF11E8044670044775A /* To Do 2.0.app */;
			productType = "com.apple.product-type.application";
		};
/* End PBXNativeTarget section */

/* Begin PBXProject section */
		EEE71CE91E8044670044775A /* Project object */ = {
			isa = PBXProject;
			attributes = {
				LastSwiftUpdateCheck = 0830;
				LastUpgradeCheck = 0830;
				ORGANIZATIONNAME = "Tony Nikolov";
				TargetAttributes = {
					EEE71CF01E8044670044775A = {
						CreatedOnToolsVersion = 8.3;
						ProvisioningStyle = Automatic;
					};
				};
			};
			buildConfigurationList = EEE71CEC1E8044670044775A /* Build configuration list for PBXProject "To Do 2.0" */;
			compatibilityVersion = "Xcode 3.2";
			developmentRegion = English;
			hasScannedForEncodings = 0;
			knownRegions = (
				en,
				Base,
			);
			mainGroup = EEE71CE81E8044670044775A;
			productRefGroup = EEE71CF21E8044670044775A /* Products */;
			projectDirPath = "";
			projectRoot = "";
			targets = (
				EEE71CF01E8044670044775A /* To Do 2.0 */,
			);
		};
/* End PBXProject section */

/* Begin PBXResourcesBuildPhase section */
		EEE71CEF1E8044670044775A /* Resources */ = {
			isa = PBXResourcesBuildPhase;
			buildActionMask = 2147483647;
			files = (
				EEE71D011E8044670044775A /* LaunchScreen.storyboard in Resources */,
				EEE71CFE1E8044670044775A /* Assets.xcassets in Resources */,
				EEE71CFC1E8044670044775A /* Main.storyboard in Resources */,
			);
			runOnlyForDeploymentPostprocessing = 0;
		};
/* End PBXResourcesBuildPhase section */

/* Begin PBXSourcesBuildPhase section */
		EEE71CED1E8044670044775A /* Sources */ = {
			isa = PBXSourcesBuildPhase;
			buildActionMask = 2147483647;
			files = (
				EEE71CF91E8044670044775A /* SecondViewController.swift in Sources */,
				EEE71CF51E8044670044775A /* AppDelegate.swift in Sources */,
				EEE71CF71E8044670044775A /* FirstViewController.swift in Sources */,
			);
			runOnlyForDeploymentPostprocessing = 0;
		};
/* End PBXSourcesBuildPhase section */

/* Begin PBXVariantGroup section */
		EEE71CFA1E8044670044775A /* Main.storyboard */ = {
			isa = PBXVariantGroup;
			children = (
				EEE71CFB1E8044670044775A /* Base */,
			);
			name = Main.storyboard;
			sourceTree = "<group>";
		};
		EEE71CFF1E8044670044775A /* LaunchScreen.storyboard */ = {
			isa = PBXVariantGroup;
			children = (
				EEE71D001E8044670044775A /* Base */,
			);
			name = LaunchScreen.storyboard;
			sourceTree = "<group>";
		};
/* End PBXVariantGroup section */

/* Begin XCBuildConfiguration section */
		EEE71D031E8044670044775A /* Debug */ = {
			isa = XCBuildConfiguration;
			buildSettings = {
				ALWAYS_SEARCH_USER_PATHS = NO;
				CLANG_ANALYZER_NONNULL = YES;
				CLANG_ANALYZER_NUMBER_OBJECT_CONVERSION = YES_AGGRESSIVE;
				CLANG_CXX_LANGUAGE_STANDARD = "gnu++0x";
				CLANG_CXX_LIBRARY = "libc++";
				CLANG_ENABLE_MODULES = YES;
				CLANG_ENABLE_OBJC_ARC = YES;
				CLANG_WARN_BOOL_CONVERSION = YES;
				CLANG_WARN_CONSTANT_CONVERSION = YES;
				CLANG_WARN_DIRECT_OBJC_ISA_USAGE = YES_ERROR;
				CLANG_WARN_DOCUMENTATION_COMMENTS = YES;
				CLANG_WARN_EMPTY_BODY = YES;
				CLANG_WARN_ENUM_CONVERSION = YES;
				CLANG_WARN_INFINITE_RECURSION = YES;
				CLANG_WARN_INT_CONVERSION = YES;
				CLANG_WARN_OBJC_ROOT_CLASS = YES_ERROR;
				CLANG_WARN_SUSPICIOUS_MOVE = YES;
				CLANG_WARN_UNREACHABLE_CODE = YES;
				CLANG_WARN__DUPLICATE_METHOD_MATCH = YES;
				"CODE_SIGN_IDENTITY[sdk=iphoneos*]" = "iPhone Developer";
				COPY_PHASE_STRIP = NO;
				DEBUG_INFORMATION_FORMAT = dwarf;
				ENABLE_STRICT_OBJC_MSGSEND = YES;
				ENABLE_TESTABILITY = YES;
				GCC_C_LANGUAGE_STANDARD = gnu99;
				GCC_DYNAMIC_NO_PIC = NO;
				GCC_NO_COMMON_BLOCKS = YES;
				GCC_OPTIMIZATION_LEVEL = 0;
				GCC_PREPROCESSOR_DEFINITIONS = (
					"DEBUG=1",
					"$(inherited)",
				);
				GCC_WARN_64_TO_32_BIT_CONVERSION = YES;
				GCC_WARN_ABOUT_RETURN_TYPE = YES_ERROR;
				GCC_WARN_UNDECLARED_SELECTOR = YES;
				GCC_WARN_UNINITIALIZED_AUTOS = YES_AGGRESSIVE;
				GCC_WARN_UNUSED_FUNCTION = YES;
				GCC_WARN_UNUSED_VARIABLE = YES;
				IPHONEOS_DEPLOYMENT_TARGET = 10.3;
				MTL_ENABLE_DEBUG_INFO = YES;
				ONLY_ACTIVE_ARCH = YES;
				SDKROOT = iphoneos;
				SWIFT_ACTIVE_COMPILATION_CONDITIONS = DEBUG;
				SWIFT_OPTIMIZATION_LEVEL = "-Onone";
				TARGETED_DEVICE_FAMILY = "1,2";
			};
			name = Debug;
		};
		EEE71D041E8044670044775A /* Release */ = {
			isa = XCBuildConfiguration;
			buildSettings = {
				ALWAYS_SEARCH_USER_PATHS = NO;
				CLANG_ANALYZER_NONNULL = YES;
				CLANG_ANALYZER_NUMBER_OBJECT_CONVERSION = YES_AGGRESSIVE;
				CLANG_CXX_LANGUAGE_STANDARD = "gnu++0x";
				CLANG_CXX_LIBRARY = "libc++";
				CLANG_ENABLE_MODULES = YES;
				CLANG_ENABLE_OBJC_ARC = YES;
				CLANG_WARN_BOOL_CONVERSION = YES;
				CLANG_WARN_CONSTANT_CONVERSION = YES;
				CLANG_WARN_DIRECT_OBJC_ISA_USAGE = YES_ERROR;
				CLANG_WARN_DOCUMENTATION_COMMENTS = YES;
				CLANG_WARN_EMPTY_BODY = YES;
				CLANG_WARN_ENUM_CONVERSION = YES;
				CLANG_WARN_INFINITE_RECURSION = YES;
				CLANG_WARN_INT_CONVERSION = YES;
				CLANG_WARN_OBJC_ROOT_CLASS = YES_ERROR;
				CLANG_WARN_SUSPICIOUS_MOVE = YES;
				CLANG_WARN_UNREACHABLE_CODE = YES;
				CLANG_WARN__DUPLICATE_METHOD_MATCH = YES;
				"CODE_SIGN_IDENTITY[sdk=iphoneos*]" = "iPhone Developer";
				COPY_PHASE_STRIP = NO;
				DEBUG_INFORMATION_FORMAT = "dwarf-with-dsym";
				ENABLE_NS_ASSERTIONS = NO;
				ENABLE_STRICT_OBJC_MSGSEND = YES;
				GCC_C_LANGUAGE_STANDARD = gnu99;
				GCC_NO_COMMON_BLOCKS = YES;
				GCC_WARN_64_TO_32_BIT_CONVERSION = YES;
				GCC_WARN_ABOUT_RETURN_TYPE = YES_ERROR;
				GCC_WARN_UNDECLARED_SELECTOR = YES;
				GCC_WARN_UNINITIALIZED_AUTOS = YES_AGGRESSIVE;
				GCC_WARN_UNUSED_FUNCTION = YES;
				GCC_WARN_UNUSED_VARIABLE = YES;
				IPHONEOS_DEPLOYMENT_TARGET = 10.3;
				MTL_ENABLE_DEBUG_INFO = NO;
				SDKROOT = iphoneos;
				SWIFT_OPTIMIZATION_LEVEL = "-Owholemodule";
				TARGETED_DEVICE_FAMILY = "1,2";
				VALIDATE_PRODUCT = YES;
			};
			name = Release;
		};
		EEE71D061E8044670044775A /* Debug */ = {
			isa = XCBuildConfiguration;
			buildSettings = {
				ASSETCATALOG_COMPILER_APPICON_NAME = AppIcon;
				INFOPLIST_FILE = "To Do 2.0/Info.plist";
				LD_RUNPATH_SEARCH_PATHS = "$(inherited) @executable_path/Frameworks";
				PRODUCT_BUNDLE_IDENTIFIER = "dnt.To-Do-2-0";
				PRODUCT_NAME = "$(TARGET_NAME)";
				SWIFT_VERSION = 3.0;
			};
			name = Debug;
		};
		EEE71D071E8044670044775A /* Release */ = {
			isa = XCBuildConfiguration;
			buildSettings = {
				ASSETCATALOG_COMPILER_APPICON_NAME = AppIcon;
				INFOPLIST_FILE = "To Do 2.0/Info.plist";
				LD_RUNPATH_SEARCH_PATHS = "$(inherited) @executable_path/Frameworks";
				PRODUCT_BUNDLE_IDENTIFIER = "dnt.To-Do-2-0";
				PRODUCT_NAME = "$(TARGET_NAME)";
				SWIFT_VERSION = 3.0;
			};
			name = Release;
		};
/* End XCBuildConfiguration section */

/* Begin XCConfigurationList section */
		EEE71CEC1E8044670044775A /* Build configuration list for PBXProject "To Do 2.0" */ = {
			isa = XCConfigurationList;
			buildConfigurations = (
				EEE71D031E8044670044775A /* Debug */,
				EEE71D041E8044670044775A /* Release */,
			);
			defaultConfigurationIsVisible = 0;
			defaultConfigurationName = Release;
		};
		EEE71D051E8044670044775A /* Build configuration list for PBXNativeTarget "To Do 2.0" */ = {
			isa = XCConfigurationList;
			buildConfigurations = (
				EEE71D061E8044670044775A /* Debug */,
				EEE71D071E8044670044775A /* Release */,
			);
			defaultConfigurationIsVisible = 0;
		};
/* End XCConfigurationList section */
	};
	rootObject = EEE71CE91E8044670044775A /* Project object */;
}
